// !$*UTF8*$!
{
	archiveVersion = 1;
	classes = {
	};
	objectVersion = 46;
	objects = {

/* Begin PBXBuildFile section */
		1FDBCCCA1D1399E7003AC1AF /* FullScreenViewController.m in Sources */ = {isa = PBXBuildFile; fileRef = 1FDBCCC91D1399E7003AC1AF /* FullScreenViewController.m */; };
		F0BA05DE1CED4914001CF55A /* main.m in Sources */ = {isa = PBXBuildFile; fileRef = F0BA05DD1CED4914001CF55A /* main.m */; };
		F0BA05E11CED4914001CF55A /* AppDelegate.m in Sources */ = {isa = PBXBuildFile; fileRef = F0BA05E01CED4914001CF55A /* AppDelegate.m */; };
		F0BA05E41CED4914001CF55A /* ViewController.m in Sources */ = {isa = PBXBuildFile; fileRef = F0BA05E31CED4914001CF55A /* ViewController.m */; };
		F0BA05E71CED4914001CF55A /* Main.storyboard in Resources */ = {isa = PBXBuildFile; fileRef = F0BA05E51CED4914001CF55A /* Main.storyboard */; };
		F0BA05E91CED4914001CF55A /* Assets.xcassets in Resources */ = {isa = PBXBuildFile; fileRef = F0BA05E81CED4914001CF55A /* Assets.xcassets */; };
		F0BA05EC1CED4914001CF55A /* LaunchScreen.storyboard in Resources */ = {isa = PBXBuildFile; fileRef = F0BA05EA1CED4914001CF55A /* LaunchScreen.storyboard */; };
		F0BA05F51CED49A3001CF55A /* VCPlayer.m in Sources */ = {isa = PBXBuildFile; fileRef = F0BA05F41CED49A3001CF55A /* VCPlayer.m */; };
/* End PBXBuildFile section */

/* Begin PBXFileReference section */
		1FDBCCC81D1399E7003AC1AF /* FullScreenViewController.h */ = {isa = PBXFileReference; fileEncoding = 4; lastKnownFileType = sourcecode.c.h; path = FullScreenViewController.h; sourceTree = "<group>"; };
		1FDBCCC91D1399E7003AC1AF /* FullScreenViewController.m */ = {isa = PBXFileReference; fileEncoding = 4; lastKnownFileType = sourcecode.c.objc; path = FullScreenViewController.m; sourceTree = "<group>"; };
		F0BA05D91CED4914001CF55A /* AVPlayerDemo.app */ = {isa = PBXFileReference; explicitFileType = wrapper.application; includeInIndex = 0; path = AVPlayerDemo.app; sourceTree = BUILT_PRODUCTS_DIR; };
		F0BA05DD1CED4914001CF55A /* main.m */ = {isa = PBXFileReference; lastKnownFileType = sourcecode.c.objc; path = main.m; sourceTree = "<group>"; };
		F0BA05DF1CED4914001CF55A /* AppDelegate.h */ = {isa = PBXFileReference; lastKnownFileType = sourcecode.c.h; path = AppDelegate.h; sourceTree = "<group>"; };
		F0BA05E01CED4914001CF55A /* AppDelegate.m */ = {isa = PBXFileReference; lastKnownFileType = sourcecode.c.objc; path = AppDelegate.m; sourceTree = "<group>"; };
		F0BA05E21CED4914001CF55A /* ViewController.h */ = {isa = PBXFileReference; lastKnownFileType = sourcecode.c.h; path = ViewController.h; sourceTree = "<group>"; };
		F0BA05E31CED4914001CF55A /* ViewController.m */ = {isa = PBXFileReference; lastKnownFileType = sourcecode.c.objc; path = ViewController.m; sourceTree = "<group>"; };
		F0BA05E61CED4914001CF55A /* Base */ = {isa = PBXFileReference; lastKnownFileType = file.storyboard; name = Base; path = Base.lproj/Main.storyboard; sourceTree = "<group>"; };
		F0BA05E81CED4914001CF55A /* Assets.xcassets */ = {isa = PBXFileReference; lastKnownFileType = folder.assetcatalog; path = Assets.xcassets; sourceTree = "<group>"; };
		F0BA05EB1CED4914001CF55A /* Base */ = {isa = PBXFileReference; lastKnownFileType = file.storyboard; name = Base; path = Base.lproj/LaunchScreen.storyboard; sourceTree = "<group>"; };
		F0BA05ED1CED4914001CF55A /* Info.plist */ = {isa = PBXFileReference; lastKnownFileType = text.plist.xml; path = Info.plist; sourceTree = "<group>"; };
		F0BA05F31CED49A3001CF55A /* VCPlayer.h */ = {isa = PBXFileReference; fileEncoding = 4; lastKnownFileType = sourcecode.c.h; path = VCPlayer.h; sourceTree = "<group>"; };
		F0BA05F41CED49A3001CF55A /* VCPlayer.m */ = {isa = PBXFileReference; fileEncoding = 4; lastKnownFileType = sourcecode.c.objc; path = VCPlayer.m; sourceTree = "<group>"; };
/* End PBXFileReference section */

/* Begin PBXFrameworksBuildPhase section */
		F0BA05D61CED4914001CF55A /* Frameworks */ = {
			isa = PBXFrameworksBuildPhase;
			buildActionMask = 2147483647;
			files = (
			);
			runOnlyForDeploymentPostprocessing = 0;
		};
/* End PBXFrameworksBuildPhase section */

/* Begin PBXGroup section */
		F0BA05D01CED4914001CF55A = {
			isa = PBXGroup;
			children = (
				F0BA05DB1CED4914001CF55A /* AVPlayerDemo */,
				F0BA05DA1CED4914001CF55A /* Products */,
			);
			sourceTree = "<group>";
		};
		F0BA05DA1CED4914001CF55A /* Products */ = {
			isa = PBXGroup;
			children = (
				F0BA05D91CED4914001CF55A /* AVPlayerDemo.app */,
			);
			name = Products;
			sourceTree = "<group>";
		};
		F0BA05DB1CED4914001CF55A /* AVPlayerDemo */ = {
			isa = PBXGroup;
			children = (
				F0BA05DF1CED4914001CF55A /* AppDelegate.h */,
				F0BA05E01CED4914001CF55A /* AppDelegate.m */,
				F0BA05E21CED4914001CF55A /* ViewController.h */,
				F0BA05E31CED4914001CF55A /* ViewController.m */,
				1FDBCCC81D1399E7003AC1AF /* FullScreenViewController.h */,
				1FDBCCC91D1399E7003AC1AF /* FullScreenViewController.m */,
				F0BA05F31CED49A3001CF55A /* VCPlayer.h */,
				F0BA05F41CED49A3001CF55A /* VCPlayer.m */,
				F0BA05E51CED4914001CF55A /* Main.storyboard */,
				F0BA05E81CED4914001CF55A /* Assets.xcassets */,
				F0BA05EA1CED4914001CF55A /* LaunchScreen.storyboard */,
				F0BA05ED1CED4914001CF55A /* Info.plist */,
				F0BA05DC1CED4914001CF55A /* Supporting Files */,
			);
			path = AVPlayerDemo;
			sourceTree = "<group>";
		};
		F0BA05DC1CED4914001CF55A /* Supporting Files */ = {
			isa = PBXGroup;
			children = (
				F0BA05DD1CED4914001CF55A /* main.m */,
			);
			name = "Supporting Files";
			sourceTree = "<group>";
		};
/* End PBXGroup section */

/* Begin PBXNativeTarget section */
		F0BA05D81CED4914001CF55A /* AVPlayerDemo */ = {
			isa = PBXNativeTarget;
			buildConfigurationList = F0BA05F01CED4914001CF55A /* Build configuration list for PBXNativeTarget "AVPlayerDemo" */;
			buildPhases = (
				F0BA05D51CED4914001CF55A /* Sources */,
				F0BA05D61CED4914001CF55A /* Frameworks */,
				F0BA05D71CED4914001CF55A /* Resources */,
			);
			buildRules = (
			);
			dependencies = (
			);
			name = AVPlayerDemo;
			productName = AVPlayerDemo;
			productReference = F0BA05D91CED4914001CF55A /* AVPlayerDemo.app */;
			productType = "com.apple.product-type.application";
		};
/* End PBXNativeTarget section */

/* Begin PBXProject section */
		F0BA05D11CED4914001CF55A /* Project object */ = {
			isa = PBXProject;
			attributes = {
				LastUpgradeCheck = 0730;
				ORGANIZATIONNAME = VictorChee;
				TargetAttributes = {
					F0BA05D81CED4914001CF55A = {
						CreatedOnToolsVersion = 7.3.1;
					};
				};
			};
			buildConfigurationList = F0BA05D41CED4914001CF55A /* Build configuration list for PBXProject "AVPlayerDemo" */;
			compatibilityVersion = "Xcode 3.2";
			developmentRegion = English;
			hasScannedForEncodings = 0;
			knownRegions = (
				en,
				Base,
			);
			mainGroup = F0BA05D01CED4914001CF55A;
			productRefGroup = F0BA05DA1CED4914001CF55A /* Products */;
			projectDirPath = "";
			projectRoot = "";
			targets = (
				F0BA05D81CED4914001CF55A /* AVPlayerDemo */,
			);
		};
/* End PBXProject section */

/* Begin PBXResourcesBuildPhase section */
		F0BA05D71CED4914001CF55A /* Resources */ = {
			isa = PBXResourcesBuildPhase;
			buildActionMask = 2147483647;
			files = (
				F0BA05EC1CED4914001CF55A /* LaunchScreen.storyboard in Resources */,
				F0BA05E91CED4914001CF55A /* Assets.xcassets in Resources */,
				F0BA05E71CED4914001CF55A /* Main.storyboard in Resources */,
			);
			runOnlyForDeploymentPostprocessing = 0;
		};
/* End PBXResourcesBuildPhase section */

/* Begin PBXSourcesBuildPhase section */
		F0BA05D51CED4914001CF55A /* Sources */ = {
			isa = PBXSourcesBuildPhase;
			buildActionMask = 2147483647;
			files = (
				F0BA05E41CED4914001CF55A /* ViewController.m in Sources */,
				1FDBCCCA1D1399E7003AC1AF /* FullScreenViewController.m in Sources */,
				F0BA05E11CED4914001CF55A /* AppDelegate.m in Sources */,
				F0BA05DE1CED4914001CF55A /* main.m in Sources */,
				F0BA05F51CED49A3001CF55A /* VCPlayer.m in Sources */,
			);
			runOnlyForDeploymentPostprocessing = 0;
		};
/* End PBXSourcesBuildPhase section */

/* Begin PBXVariantGroup section */
		F0BA05E51CED4914001CF55A /* Main.storyboard */ = {
			isa = PBXVariantGroup;
			children = (
				F0BA05E61CED4914001CF55A /* Base */,
			);
			name = Main.storyboard;
			sourceTree = "<group>";
		};
		F0BA05EA1CED4914001CF55A /* LaunchScreen.storyboard */ = {
			isa = PBXVariantGroup;
			children = (
				F0BA05EB1CED4914001CF55A /* Base */,
			);
			name = LaunchScreen.storyboard;
			sourceTree = "<group>";
		};
/* End PBXVariantGroup section */

/* Begin XCBuildConfiguration section */
		F0BA05EE1CED4914001CF55A /* Debug */ = {
			isa = XCBuildConfiguration;
			buildSettings = {
				ALWAYS_SEARCH_USER_PATHS = NO;
				CLANG_ANALYZER_NONNULL = YES;
				CLANG_CXX_LANGUAGE_STANDARD = "gnu++0x";
				CLANG_CXX_LIBRARY = "libc++";
				CLANG_ENABLE_MODULES = YES;
				CLANG_ENABLE_OBJC_ARC = YES;
				CLANG_WARN_BOOL_CONVERSION = YES;
				CLANG_WARN_CONSTANT_CONVERSION = YES;
				CLANG_WARN_DIRECT_OBJC_ISA_USAGE = YES_ERROR;
				CLANG_WARN_EMPTY_BODY = YES;
				CLANG_WARN_ENUM_CONVERSION = YES;
				CLANG_WARN_INT_CONVERSION = YES;
				CLANG_WARN_OBJC_ROOT_CLASS = YES_ERROR;
				CLANG_WARN_UNREACHABLE_CODE = YES;
				CLANG_WARN__DUPLICATE_METHOD_MATCH = YES;
				"CODE_SIGN_IDENTITY[sdk=iphoneos*]" = "iPhone Developer";
				COPY_PHASE_STRIP = NO;
				DEBUG_INFORMATION_FORMAT = dwarf;
				ENABLE_STRICT_OBJC_MSGSEND = YES;
				ENABLE_TESTABILITY = YES;
				GCC_C_LANGUAGE_STANDARD = gnu99;
				GCC_DYNAMIC_NO_PIC = NO;
				GCC_NO_COMMON_BLOCKS = YES;
				GCC_OPTIMIZATION_LEVEL = 0;
				GCC_PREPROCESSOR_DEFINITIONS = (
					"DEBUG=1",
					"$(inherited)",
				);
				GCC_WARN_64_TO_32_BIT_CONVERSION = YES;
				GCC_WARN_ABOUT_RETURN_TYPE = YES_ERROR;
				GCC_WARN_UNDECLARED_SELECTOR = YES;
				GCC_WARN_UNINITIALIZED_AUTOS = YES_AGGRESSIVE;
				GCC_WARN_UNUSED_FUNCTION = YES;
				GCC_WARN_UNUSED_VARIABLE = YES;
				IPHONEOS_DEPLOYMENT_TARGET = 9.3;
				MTL_ENABLE_DEBUG_INFO = YES;
				ONLY_ACTIVE_ARCH = YES;
				SDKROOT = iphoneos;
				TARGETED_DEVICE_FAMILY = "1,2";
			};
			name = Debug;
		};
		F0BA05EF1CED4914001CF55A /* Release */ = {
			isa = XCBuildConfiguration;
			buildSettings = {
				ALWAYS_SEARCH_USER_PATHS = NO;
				CLANG_ANALYZER_NONNULL = YES;
				CLANG_CXX_LANGUAGE_STANDARD = "gnu++0x";
				CLANG_CXX_LIBRARY = "libc++";
				CLANG_ENABLE_MODULES = YES;
				CLANG_ENABLE_OBJC_ARC = YES;
				CLANG_WARN_BOOL_CONVERSION = YES;
				CLANG_WARN_CONSTANT_CONVERSION = YES;
				CLANG_WARN_DIRECT_OBJC_ISA_USAGE = YES_ERROR;
				CLANG_WARN_EMPTY_BODY = YES;
				CLANG_WARN_ENUM_CONVERSION = YES;
				CLANG_WARN_INT_CONVERSION = YES;
				CLANG_WARN_OBJC_ROOT_CLASS = YES_ERROR;
				CLANG_WARN_UNREACHABLE_CODE = YES;
				CLANG_WARN__DUPLICATE_METHOD_MATCH = YES;
				"CODE_SIGN_IDENTITY[sdk=iphoneos*]" = "iPhone Developer";
				COPY_PHASE_STRIP = NO;
				DEBUG_INFORMATION_FORMAT = "dwarf-with-dsym";
				ENABLE_NS_ASSERTIONS = NO;
				ENABLE_STRICT_OBJC_MSGSEND = YES;
				GCC_C_LANGUAGE_STANDARD = gnu99;
				GCC_NO_COMMON_BLOCKS = YES;
				GCC_WARN_64_TO_32_BIT_CONVERSION = YES;
				GCC_WARN_ABOUT_RETURN_TYPE = YES_ERROR;
				GCC_WARN_UNDECLARED_SELECTOR = YES;
				GCC_WARN_UNINITIALIZED_AUTOS = YES_AGGRESSIVE;
				GCC_WARN_UNUSED_FUNCTION = YES;
				GCC_WARN_UNUSED_VARIABLE = YES;
				IPHONEOS_DEPLOYMENT_TARGET = 9.3;
				MTL_ENABLE_DEBUG_INFO = NO;
				SDKROOT = iphoneos;
				TARGETED_DEVICE_FAMILY = "1,2";
				VALIDATE_PRODUCT = YES;
			};
			name = Release;
		};
		F0BA05F11CED4914001CF55A /* Debug */ = {
			isa = XCBuildConfiguration;
			buildSettings = {
				ASSETCATALOG_COMPILER_APPICON_NAME = AppIcon;
				INFOPLIST_FILE = AVPlayerDemo/Info.plist;
				LD_RUNPATH_SEARCH_PATHS = "$(inherited) @executable_path/Frameworks";
				PRODUCT_BUNDLE_IDENTIFIER = com.victorchee.AVPlayerDemo;
				PRODUCT_NAME = "$(TARGET_NAME)";
			};
			name = Debug;
		};
		F0BA05F21CED4914001CF55A /* Release */ = {
			isa = XCBuildConfiguration;
			buildSettings = {
				ASSETCATALOG_COMPILER_APPICON_NAME = AppIcon;
				INFOPLIST_FILE = AVPlayerDemo/Info.plist;
				LD_RUNPATH_SEARCH_PATHS = "$(inherited) @executable_path/Frameworks";
				PRODUCT_BUNDLE_IDENTIFIER = com.victorchee.AVPlayerDemo;
				PRODUCT_NAME = "$(TARGET_NAME)";
			};
			name = Release;
		};
/* End XCBuildConfiguration section */

/* Begin XCConfigurationList section */
		F0BA05D41CED4914001CF55A /* Build configuration list for PBXProject "AVPlayerDemo" */ = {
			isa = XCConfigurationList;
			buildConfigurations = (
				F0BA05EE1CED4914001CF55A /* Debug */,
				F0BA05EF1CED4914001CF55A /* Release */,
			);
			defaultConfigurationIsVisible = 0;
			defaultConfigurationName = Release;
		};
		F0BA05F01CED4914001CF55A /* Build configuration list for PBXNativeTarget "AVPlayerDemo" */ = {
			isa = XCConfigurationList;
			buildConfigurations = (
				F0BA05F11CED4914001CF55A /* Debug */,
				F0BA05F21CED4914001CF55A /* Release */,
			);
			defaultConfigurationIsVisible = 0;
			defaultConfigurationName = Release;
		};
/* End XCConfigurationList section */
	};
	rootObject = F0BA05D11CED4914001CF55A /* Project object */;
}
